
Microsoft Visual Studio Solution File, Format Version 12.00
# Visual Studio 15
VisualStudioVersion = 15.0.28307.1022
MinimumVisualStudioVersion = 10.0.40219.1
Project("{FAE04EC0-301F-11D3-BF4B-00C04F79EFBC}") = "PPO", "PPO\PPO.csproj", "{F2DA143B-8533-430E-9414-8D91D09160EC}"
EndProject
Global
	GlobalSection(SolutionConfigurationPlatforms) = preSolution
		Debug|Any CPU = Debug|Any CPU
		Release|Any CPU = Release|Any CPU
	EndGlobalSection
	GlobalSection(ProjectConfigurationPlatforms) = postSolution
		{F2DA143B-8533-430E-9414-8D91D09160EC}.Debug|Any CPU.ActiveCfg = Debug|Any CPU
		{F2DA143B-8533-430E-9414-8D91D09160EC}.Debug|Any CPU.Build.0 = Debug|Any CPU
		{F2DA143B-8533-430E-9414-8D91D09160EC}.Release|Any CPU.ActiveCfg = Release|Any CPU
		{F2DA143B-8533-430E-9414-8D91D09160EC}.Release|Any CPU.Build.0 = Release|Any CPU
	EndGlobalSection
	GlobalSection(SolutionProperties) = preSolution
		HideSolutionNode = FALSE
	EndGlobalSection
	GlobalSection(ExtensibilityGlobals) = postSolution
		SolutionGuid = {61CBA162-C552-414C-8D1A-5FB901AD0547}
	EndGlobalSection
EndGlobal
